
Microsoft Visual Studio Solution File, Format Version 12.00
# Visual Studio 15
VisualStudioVersion = 15.0.27428.2027
MinimumVisualStudioVersion = 10.0.40219.1
Project("{FAE04EC0-301F-11D3-BF4B-00C04F79EFBC}") = "Sample1", "Sample1\Sample1\Sample1.csproj", "{E4A023E5-C971-4BB4-8247-95F90854B597}"
EndProject
Project("{FAE04EC0-301F-11D3-BF4B-00C04F79EFBC}") = "Sample1.Android", "Sample1\Sample1.Android\Sample1.Android.csproj", "{F0F99B8F-6267-46FD-AA3F-A0AEBBAD59BE}"
EndProject
Project("{FAE04EC0-301F-11D3-BF4B-00C04F79EFBC}") = "Sample1.iOS", "Sample1\Sample1.iOS\Sample1.iOS.csproj", "{DD762412-4D7A-4E8A-B093-563555284562}"
EndProject
Global
	GlobalSection(SolutionConfigurationPlatforms) = preSolution
		Ad-Hoc|Any CPU = Ad-Hoc|Any CPU
		Ad-Hoc|iPhone = Ad-Hoc|iPhone
		Ad-Hoc|iPhoneSimulator = Ad-Hoc|iPhoneSimulator
		AppStore|Any CPU = AppStore|Any CPU
		AppStore|iPhone = AppStore|iPhone
		AppStore|iPhoneSimulator = AppStore|iPhoneSimulator
		Debug|Any CPU = Debug|Any CPU
		Debug|iPhone = Debug|iPhone
		Debug|iPhoneSimulator = Debug|iPhoneSimulator
		Release|Any CPU = Release|Any CPU
		Release|iPhone = Release|iPhone
		Release|iPhoneSimulator = Release|iPhoneSimulator
	EndGlobalSection
	GlobalSection(ProjectConfigurationPlatforms) = postSolution
		{E4A023E5-C971-4BB4-8247-95F90854B597}.Ad-Hoc|Any CPU.ActiveCfg = Debug|Any CPU
		{E4A023E5-C971-4BB4-8247-95F90854B597}.Ad-Hoc|Any CPU.Build.0 = Debug|Any CPU
		{E4A023E5-C971-4BB4-8247-95F90854B597}.Ad-Hoc|iPhone.ActiveCfg = Debug|Any CPU
		{E4A023E5-C971-4BB4-8247-95F90854B597}.Ad-Hoc|iPhone.Build.0 = Debug|Any CPU
		{E4A023E5-C971-4BB4-8247-95F90854B597}.Ad-Hoc|iPhoneSimulator.ActiveCfg = Debug|Any CPU
		{E4A023E5-C971-4BB4-8247-95F90854B597}.Ad-Hoc|iPhoneSimulator.Build.0 = Debug|Any CPU
		{E4A023E5-C971-4BB4-8247-95F90854B597}.AppStore|Any CPU.ActiveCfg = Debug|Any CPU
		{E4A023E5-C971-4BB4-8247-95F90854B597}.AppStore|Any CPU.Build.0 = Debug|Any CPU
		{E4A023E5-C971-4BB4-8247-95F90854B597}.AppStore|iPhone.ActiveCfg = Debug|Any CPU
		{E4A023E5-C971-4BB4-8247-95F90854B597}.AppStore|iPhone.Build.0 = Debug|Any CPU
		{E4A023E5-C971-4BB4-8247-95F90854B597}.AppStore|iPhoneSimulator.ActiveCfg = Debug|Any CPU
		{E4A023E5-C971-4BB4-8247-95F90854B597}.AppStore|iPhoneSimulator.Build.0 = Debug|Any CPU
		{E4A023E5-C971-4BB4-8247-95F90854B597}.Debug|Any CPU.ActiveCfg = Debug|Any CPU
		{E4A023E5-C971-4BB4-8247-95F90854B597}.Debug|Any CPU.Build.0 = Debug|Any CPU
		{E4A023E5-C971-4BB4-8247-95F90854B597}.Debug|iPhone.ActiveCfg = Debug|Any CPU
		{E4A023E5-C971-4BB4-8247-95F90854B597}.Debug|iPhone.Build.0 = Debug|Any CPU
		{E4A023E5-C971-4BB4-8247-95F90854B597}.Debug|iPhoneSimulator.ActiveCfg = Debug|Any CPU
		{E4A023E5-C971-4BB4-8247-95F90854B597}.Debug|iPhoneSimulator.Build.0 = Debug|Any CPU
		{E4A023E5-C971-4BB4-8247-95F90854B597}.Release|Any CPU.ActiveCfg = Release|Any CPU
		{E4A023E5-C971-4BB4-8247-95F90854B597}.Release|Any CPU.Build.0 = Release|Any CPU
		{E4A023E5-C971-4BB4-8247-95F90854B597}.Release|iPhone.ActiveCfg = Release|Any CPU
		{E4A023E5-C971-4BB4-8247-95F90854B597}.Release|iPhone.Build.0 = Release|Any CPU
		{E4A023E5-C971-4BB4-8247-95F90854B597}.Release|iPhoneSimulator.ActiveCfg = Release|Any CPU
		{E4A023E5-C971-4BB4-8247-95F90854B597}.Release|iPhoneSimulator.Build.0 = Release|Any CPU
		{F0F99B8F-6267-46FD-AA3F-A0AEBBAD59BE}.Ad-Hoc|Any CPU.ActiveCfg = Release|Any CPU
		{F0F99B8F-6267-46FD-AA3F-A0AEBBAD59BE}.Ad-Hoc|Any CPU.Build.0 = Release|Any CPU
		{F0F99B8F-6267-46FD-AA3F-A0AEBBAD59BE}.Ad-Hoc|Any CPU.Deploy.0 = Release|Any CPU
		{F0F99B8F-6267-46FD-AA3F-A0AEBBAD59BE}.Ad-Hoc|iPhone.ActiveCfg = Release|Any CPU
		{F0F99B8F-6267-46FD-AA3F-A0AEBBAD59BE}.Ad-Hoc|iPhone.Build.0 = Release|Any CPU
		{F0F99B8F-6267-46FD-AA3F-A0AEBBAD59BE}.Ad-Hoc|iPhone.Deploy.0 = Release|Any CPU
		{F0F99B8F-6267-46FD-AA3F-A0AEBBAD59BE}.Ad-Hoc|iPhoneSimulator.ActiveCfg = Release|Any CPU
		{F0F99B8F-6267-46FD-AA3F-A0AEBBAD59BE}.Ad-Hoc|iPhoneSimulator.Build.0 = Release|Any CPU
		{F0F99B8F-6267-46FD-AA3F-A0AEBBAD59BE}.Ad-Hoc|iPhoneSimulator.Deploy.0 = Release|Any CPU
		{F0F99B8F-6267-46FD-AA3F-A0AEBBAD59BE}.AppStore|Any CPU.ActiveCfg = Release|Any CPU
		{F0F99B8F-6267-46FD-AA3F-A0AEBBAD59BE}.AppStore|Any CPU.Build.0 = Release|Any CPU
		{F0F99B8F-6267-46FD-AA3F-A0AEBBAD59BE}.AppStore|Any CPU.Deploy.0 = Release|Any CPU
		{F0F99B8F-6267-46FD-AA3F-A0AEBBAD59BE}.AppStore|iPhone.ActiveCfg = Release|Any CPU
		{F0F99B8F-6267-46FD-AA3F-A0AEBBAD59BE}.AppStore|iPhone.Build.0 = Release|Any CPU
		{F0F99B8F-6267-46FD-AA3F-A0AEBBAD59BE}.AppStore|iPhone.Deploy.0 = Release|Any CPU
		{F0F99B8F-6267-46FD-AA3F-A0AEBBAD59BE}.AppStore|iPhoneSimulator.ActiveCfg = Release|Any CPU
		{F0F99B8F-6267-46FD-AA3F-A0AEBBAD59BE}.AppStore|iPhoneSimulator.Build.0 = Release|Any CPU
		{F0F99B8F-6267-46FD-AA3F-A0AEBBAD59BE}.AppStore|iPhoneSimulator.Deploy.0 = Release|Any CPU
		{F0F99B8F-6267-46FD-AA3F-A0AEBBAD59BE}.Debug|Any CPU.ActiveCfg = Debug|Any CPU
		{F0F99B8F-6267-46FD-AA3F-A0AEBBAD59BE}.Debug|Any CPU.Build.0 = Debug|Any CPU
		{F0F99B8F-6267-46FD-AA3F-A0AEBBAD59BE}.Debug|Any CPU.Deploy.0 = Debug|Any CPU
		{F0F99B8F-6267-46FD-AA3F-A0AEBBAD59BE}.Debug|iPhone.ActiveCfg = Debug|Any CPU
		{F0F99B8F-6267-46FD-AA3F-A0AEBBAD59BE}.Debug|iPhone.Build.0 = Debug|Any CPU
		{F0F99B8F-6267-46FD-AA3F-A0AEBBAD59BE}.Debug|iPhone.Deploy.0 = Debug|Any CPU
		{F0F99B8F-6267-46FD-AA3F-A0AEBBAD59BE}.Debug|iPhoneSimulator.ActiveCfg = Debug|Any CPU
		{F0F99B8F-6267-46FD-AA3F-A0AEBBAD59BE}.Debug|iPhoneSimulator.Build.0 = Debug|Any CPU
		{F0F99B8F-6267-46FD-AA3F-A0AEBBAD59BE}.Debug|iPhoneSimulator.Deploy.0 = Debug|Any CPU
		{F0F99B8F-6267-46FD-AA3F-A0AEBBAD59BE}.Release|Any CPU.ActiveCfg = Release|Any CPU
		{F0F99B8F-6267-46FD-AA3F-A0AEBBAD59BE}.Release|Any CPU.Build.0 = Release|Any CPU
		{F0F99B8F-6267-46FD-AA3F-A0AEBBAD59BE}.Release|Any CPU.Deploy.0 = Release|Any CPU
		{F0F99B8F-6267-46FD-AA3F-A0AEBBAD59BE}.Release|iPhone.ActiveCfg = Release|Any CPU
		{F0F99B8F-6267-46FD-AA3F-A0AEBBAD59BE}.Release|iPhone.Build.0 = Release|Any CPU
		{F0F99B8F-6267-46FD-AA3F-A0AEBBAD59BE}.Release|iPhone.Deploy.0 = Release|Any CPU
		{F0F99B8F-6267-46FD-AA3F-A0AEBBAD59BE}.Release|iPhoneSimulator.ActiveCfg = Release|Any CPU
		{F0F99B8F-6267-46FD-AA3F-A0AEBBAD59BE}.Release|iPhoneSimulator.Build.0 = Release|Any CPU
		{F0F99B8F-6267-46FD-AA3F-A0AEBBAD59BE}.Release|iPhoneSimulator.Deploy.0 = Release|Any CPU
		{DD762412-4D7A-4E8A-B093-563555284562}.Ad-Hoc|Any CPU.ActiveCfg = Ad-Hoc|iPhone
		{DD762412-4D7A-4E8A-B093-563555284562}.Ad-Hoc|iPhone.ActiveCfg = Ad-Hoc|iPhone
		{DD762412-4D7A-4E8A-B093-563555284562}.Ad-Hoc|iPhone.Build.0 = Ad-Hoc|iPhone
		{DD762412-4D7A-4E8A-B093-563555284562}.Ad-Hoc|iPhoneSimulator.ActiveCfg = Ad-Hoc|iPhoneSimulator
		{DD762412-4D7A-4E8A-B093-563555284562}.Ad-Hoc|iPhoneSimulator.Build.0 = Ad-Hoc|iPhoneSimulator
		{DD762412-4D7A-4E8A-B093-563555284562}.AppStore|Any CPU.ActiveCfg = AppStore|iPhone
		{DD762412-4D7A-4E8A-B093-563555284562}.AppStore|iPhone.ActiveCfg = AppStore|iPhone
		{DD762412-4D7A-4E8A-B093-563555284562}.AppStore|iPhone.Build.0 = AppStore|iPhone
		{DD762412-4D7A-4E8A-B093-563555284562}.AppStore|iPhoneSimulator.ActiveCfg = AppStore|iPhoneSimulator
		{DD762412-4D7A-4E8A-B093-563555284562}.AppStore|iPhoneSimulator.Build.0 = AppStore|iPhoneSimulator
		{DD762412-4D7A-4E8A-B093-563555284562}.Debug|Any CPU.ActiveCfg = Debug|iPhone
		{DD762412-4D7A-4E8A-B093-563555284562}.Debug|iPhone.ActiveCfg = Debug|iPhone
		{DD762412-4D7A-4E8A-B093-563555284562}.Debug|iPhone.Build.0 = Debug|iPhone
		{DD762412-4D7A-4E8A-B093-563555284562}.Debug|iPhoneSimulator.ActiveCfg = Debug|iPhoneSimulator
		{DD762412-4D7A-4E8A-B093-563555284562}.Debug|iPhoneSimulator.Build.0 = Debug|iPhoneSimulator
		{DD762412-4D7A-4E8A-B093-563555284562}.Release|Any CPU.ActiveCfg = Release|iPhone
		{DD762412-4D7A-4E8A-B093-563555284562}.Release|iPhone.ActiveCfg = Release|iPhone
		{DD762412-4D7A-4E8A-B093-563555284562}.Release|iPhone.Build.0 = Release|iPhone
		{DD762412-4D7A-4E8A-B093-563555284562}.Release|iPhoneSimulator.ActiveCfg = Release|iPhoneSimulator
		{DD762412-4D7A-4E8A-B093-563555284562}.Release|iPhoneSimulator.Build.0 = Release|iPhoneSimulator
	EndGlobalSection
	GlobalSection(SolutionProperties) = preSolution
		HideSolutionNode = FALSE
	EndGlobalSection
	GlobalSection(ExtensibilityGlobals) = postSolution
		SolutionGuid = {4A4C2454-A3DB-49F0-8A96-A0B50BAA9AD5}
	EndGlobalSection
EndGlobal
